
Microsoft Visual Studio Solution File, Format Version 12.00
# Visual Studio Version 17
VisualStudioVersion = 17.0.32112.339
MinimumVisualStudioVersion = 10.0.40219.1
Project("{9A19103F-16F7-4668-BE54-9A1E7A4F7556}") = "LubimyCzytac.Scraper", "LubimyCzytac.Scraper.csproj", "{60D8D30E-7EF7-4CC3-81A6-8A9FCB5A6CC5}"
EndProject
Global
	GlobalSection(SolutionConfigurationPlatforms) = preSolution
		Debug|Any CPU = Debug|Any CPU
		Release|Any CPU = Release|Any CPU
	EndGlobalSection
	GlobalSection(ProjectConfigurationPlatforms) = postSolution
		{60D8D30E-7EF7-4CC3-81A6-8A9FCB5A6CC5}.Debug|Any CPU.ActiveCfg = Debug|Any CPU
		{60D8D30E-7EF7-4CC3-81A6-8A9FCB5A6CC5}.Debug|Any CPU.Build.0 = Debug|Any CPU
		{60D8D30E-7EF7-4CC3-81A6-8A9FCB5A6CC5}.Release|Any CPU.ActiveCfg = Release|Any CPU
		{60D8D30E-7EF7-4CC3-81A6-8A9FCB5A6CC5}.Release|Any CPU.Build.0 = Release|Any CPU
	EndGlobalSection
	GlobalSection(SolutionProperties) = preSolution
		HideSolutionNode = FALSE
	EndGlobalSection
	GlobalSection(ExtensibilityGlobals) = postSolution
		SolutionGuid = {EA852213-B4A4-4A9C-913E-1A7FA03C8E8E}
	EndGlobalSection
EndGlobal
